
Microsoft Visual Studio Solution File, Format Version 12.00
# Visual Studio Version 16
VisualStudioVersion = 16.0.31729.503
MinimumVisualStudioVersion = 10.0.40219.1
Project("{FAE04EC0-301F-11D3-BF4B-00C04F79EFBC}") = "BarkforsCRUDTest", "BarkforsCRUDTest\BarkforsCRUDTest.csproj", "{CFC6A7E8-4126-4482-9093-3BDD68432B06}"
EndProject
Global
	GlobalSection(SolutionConfigurationPlatforms) = preSolution
		Debug|Any CPU = Debug|Any CPU
		Release|Any CPU = Release|Any CPU
	EndGlobalSection
	GlobalSection(ProjectConfigurationPlatforms) = postSolution
		{CFC6A7E8-4126-4482-9093-3BDD68432B06}.Debug|Any CPU.ActiveCfg = Debug|Any CPU
		{CFC6A7E8-4126-4482-9093-3BDD68432B06}.Debug|Any CPU.Build.0 = Debug|Any CPU
		{CFC6A7E8-4126-4482-9093-3BDD68432B06}.Release|Any CPU.ActiveCfg = Release|Any CPU
		{CFC6A7E8-4126-4482-9093-3BDD68432B06}.Release|Any CPU.Build.0 = Release|Any CPU
	EndGlobalSection
	GlobalSection(SolutionProperties) = preSolution
		HideSolutionNode = FALSE
	EndGlobalSection
	GlobalSection(ExtensibilityGlobals) = postSolution
		SolutionGuid = {88078BBD-6D31-4FFF-A990-36DE0A299E6A}
	EndGlobalSection
EndGlobal
